
Microsoft Visual Studio Solution File, Format Version 12.00
# Visual Studio Version 17
VisualStudioVersion = 17.3.32929.385
MinimumVisualStudioVersion = 10.0.40219.1
Project("{FAE04EC0-301F-11D3-BF4B-00C04F79EFBC}") = "tongsotrongfile", "tongsotrongfile.csproj", "{C7096428-FB13-4568-AC4B-8EFC9C978DFC}"
EndProject
Global
	GlobalSection(SolutionConfigurationPlatforms) = preSolution
		Debug|Any CPU = Debug|Any CPU
		Release|Any CPU = Release|Any CPU
	EndGlobalSection
	GlobalSection(ProjectConfigurationPlatforms) = postSolution
		{C7096428-FB13-4568-AC4B-8EFC9C978DFC}.Debug|Any CPU.ActiveCfg = Debug|Any CPU
		{C7096428-FB13-4568-AC4B-8EFC9C978DFC}.Debug|Any CPU.Build.0 = Debug|Any CPU
		{C7096428-FB13-4568-AC4B-8EFC9C978DFC}.Release|Any CPU.ActiveCfg = Release|Any CPU
		{C7096428-FB13-4568-AC4B-8EFC9C978DFC}.Release|Any CPU.Build.0 = Release|Any CPU
	EndGlobalSection
	GlobalSection(SolutionProperties) = preSolution
		HideSolutionNode = FALSE
	EndGlobalSection
	GlobalSection(ExtensibilityGlobals) = postSolution
		SolutionGuid = {1B218A57-9D38-42F5-A65B-66E6BCF3986A}
	EndGlobalSection
EndGlobal
